
Microsoft Visual Studio Solution File, Format Version 12.00
# Visual Studio Version 17
VisualStudioVersion = 17.9.34723.18
MinimumVisualStudioVersion = 10.0.40219.1
Project("{FAE04EC0-301F-11D3-BF4B-00C04F79EFBC}") = "mercadinho", "mercadinho\mercadinho.csproj", "{7C568590-2909-49B7-A615-065D7B87E9A8}"
EndProject
Global
	GlobalSection(SolutionConfigurationPlatforms) = preSolution
		Debug|Any CPU = Debug|Any CPU
		Release|Any CPU = Release|Any CPU
	EndGlobalSection
	GlobalSection(ProjectConfigurationPlatforms) = postSolution
		{7C568590-2909-49B7-A615-065D7B87E9A8}.Debug|Any CPU.ActiveCfg = Debug|Any CPU
		{7C568590-2909-49B7-A615-065D7B87E9A8}.Debug|Any CPU.Build.0 = Debug|Any CPU
		{7C568590-2909-49B7-A615-065D7B87E9A8}.Release|Any CPU.ActiveCfg = Release|Any CPU
		{7C568590-2909-49B7-A615-065D7B87E9A8}.Release|Any CPU.Build.0 = Release|Any CPU
	EndGlobalSection
	GlobalSection(SolutionProperties) = preSolution
		HideSolutionNode = FALSE
	EndGlobalSection
	GlobalSection(ExtensibilityGlobals) = postSolution
		SolutionGuid = {32118FE0-C268-4417-B022-789F08092FBD}
	EndGlobalSection
EndGlobal
